// !$*UTF8*$!
{
	archiveVersion = 1;
	classes = {
	};
	objectVersion = 55;
	objects = {

/* Begin PBXBuildFile section */
		DE8E9C2227831DED00BE9A10 /* ImageClassifierViewModel.swift in Sources */ = {isa = PBXBuildFile; fileRef = DE8E9C2127831DED00BE9A10 /* ImageClassifierViewModel.swift */; };
		DE8E9C24278328E600BE9A10 /* MyImageClassifier.mlmodel in Sources */ = {isa = PBXBuildFile; fileRef = DE8E9C23278328E600BE9A10 /* MyImageClassifier.mlmodel */; };
		DEC48E4B277A2F1400F781AC /* DZ_8App.swift in Sources */ = {isa = PBXBuildFile; fileRef = DEC48E4A277A2F1400F781AC /* DZ_8App.swift */; };
		DEC48E4F277A2F1500F781AC /* Assets.xcassets in Resources */ = {isa = PBXBuildFile; fileRef = DEC48E4E277A2F1500F781AC /* Assets.xcassets */; };
		DEC48E52277A2F1500F781AC /* Preview Assets.xcassets in Resources */ = {isa = PBXBuildFile; fileRef = DEC48E51277A2F1500F781AC /* Preview Assets.xcassets */; };
		DEC48E59277A2F3B00F781AC /* ImageClassifierScreen.swift in Sources */ = {isa = PBXBuildFile; fileRef = DEC48E58277A2F3B00F781AC /* ImageClassifierScreen.swift */; };
		DEC48E5B277A32F500F781AC /* ImagePicker.swift in Sources */ = {isa = PBXBuildFile; fileRef = DEC48E5A277A32F500F781AC /* ImagePicker.swift */; };
		DEC48E5D277A50F900F781AC /* ImageClassifierService.swift in Sources */ = {isa = PBXBuildFile; fileRef = DEC48E5C277A50F900F781AC /* ImageClassifierService.swift */; };
		DEC48E60277A513C00F781AC /* ClassifierResultModel.swift in Sources */ = {isa = PBXBuildFile; fileRef = DEC48E5F277A513C00F781AC /* ClassifierResultModel.swift */; };
/* End PBXBuildFile section */

/* Begin PBXFileReference section */
		DE8E9C2127831DED00BE9A10 /* ImageClassifierViewModel.swift */ = {isa = PBXFileReference; lastKnownFileType = sourcecode.swift; path = ImageClassifierViewModel.swift; sourceTree = "<group>"; };
		DE8E9C23278328E600BE9A10 /* MyImageClassifier.mlmodel */ = {isa = PBXFileReference; lastKnownFileType = file.mlmodel; name = MyImageClassifier.mlmodel; path = "DZ№8/MyImageClassifier.mlmodel"; sourceTree = SOURCE_ROOT; };
		DEC48E47277A2F1400F781AC /* DZ№8.app */ = {isa = PBXFileReference; explicitFileType = wrapper.application; includeInIndex = 0; path = "DZ№8.app"; sourceTree = BUILT_PRODUCTS_DIR; };
		DEC48E4A277A2F1400F781AC /* DZ_8App.swift */ = {isa = PBXFileReference; lastKnownFileType = sourcecode.swift; path = DZ_8App.swift; sourceTree = "<group>"; };
		DEC48E4E277A2F1500F781AC /* Assets.xcassets */ = {isa = PBXFileReference; lastKnownFileType = folder.assetcatalog; path = Assets.xcassets; sourceTree = "<group>"; };
		DEC48E51277A2F1500F781AC /* Preview Assets.xcassets */ = {isa = PBXFileReference; lastKnownFileType = folder.assetcatalog; path = "Preview Assets.xcassets"; sourceTree = "<group>"; };
		DEC48E58277A2F3B00F781AC /* ImageClassifierScreen.swift */ = {isa = PBXFileReference; lastKnownFileType = sourcecode.swift; path = ImageClassifierScreen.swift; sourceTree = "<group>"; };
		DEC48E5A277A32F500F781AC /* ImagePicker.swift */ = {isa = PBXFileReference; lastKnownFileType = sourcecode.swift; path = ImagePicker.swift; sourceTree = "<group>"; };
		DEC48E5C277A50F900F781AC /* ImageClassifierService.swift */ = {isa = PBXFileReference; lastKnownFileType = sourcecode.swift; path = ImageClassifierService.swift; sourceTree = "<group>"; };
		DEC48E5F277A513C00F781AC /* ClassifierResultModel.swift */ = {isa = PBXFileReference; lastKnownFileType = sourcecode.swift; path = ClassifierResultModel.swift; sourceTree = "<group>"; };
/* End PBXFileReference section */

/* Begin PBXFrameworksBuildPhase section */
		DEC48E44277A2F1400F781AC /* Frameworks */ = {
			isa = PBXFrameworksBuildPhase;
			buildActionMask = 2147483647;
			files = (
			);
			runOnlyForDeploymentPostprocessing = 0;
		};
/* End PBXFrameworksBuildPhase section */

/* Begin PBXGroup section */
		DEC48E3E277A2F1400F781AC = {
			isa = PBXGroup;
			children = (
				DEC48E49277A2F1400F781AC /* DZ№8 */,
				DEC48E48277A2F1400F781AC /* Products */,
			);
			sourceTree = "<group>";
		};
		DEC48E48277A2F1400F781AC /* Products */ = {
			isa = PBXGroup;
			children = (
				DEC48E47277A2F1400F781AC /* DZ№8.app */,
			);
			name = Products;
			sourceTree = "<group>";
		};
		DEC48E49277A2F1400F781AC /* DZ№8 */ = {
			isa = PBXGroup;
			children = (
				DEC48E4A277A2F1400F781AC /* DZ_8App.swift */,
				DEC48E58277A2F3B00F781AC /* ImageClassifierScreen.swift */,
				DE8E9C2127831DED00BE9A10 /* ImageClassifierViewModel.swift */,
				DEC48E5A277A32F500F781AC /* ImagePicker.swift */,
				DEC48E5E277A511A00F781AC /* ImageClassifier */,
				DEC48E4E277A2F1500F781AC /* Assets.xcassets */,
				DEC48E50277A2F1500F781AC /* Preview Content */,
			);
			path = "DZ№8";
			sourceTree = "<group>";
		};
		DEC48E50277A2F1500F781AC /* Preview Content */ = {
			isa = PBXGroup;
			children = (
				DEC48E51277A2F1500F781AC /* Preview Assets.xcassets */,
			);
			path = "Preview Content";
			sourceTree = "<group>";
		};
		DEC48E5E277A511A00F781AC /* ImageClassifier */ = {
			isa = PBXGroup;
			children = (
				DEC48E5C277A50F900F781AC /* ImageClassifierService.swift */,
				DE8E9C23278328E600BE9A10 /* MyImageClassifier.mlmodel */,
				DEC48E5F277A513C00F781AC /* ClassifierResultModel.swift */,
			);
			path = ImageClassifier;
			sourceTree = "<group>";
		};
/* End PBXGroup section */

/* Begin PBXNativeTarget section */
		DEC48E46277A2F1400F781AC /* DZ№8 */ = {
			isa = PBXNativeTarget;
			buildConfigurationList = DEC48E55277A2F1500F781AC /* Build configuration list for PBXNativeTarget "DZ№8" */;
			buildPhases = (
				DEC48E43277A2F1400F781AC /* Sources */,
				DEC48E44277A2F1400F781AC /* Frameworks */,
				DEC48E45277A2F1400F781AC /* Resources */,
			);
			buildRules = (
			);
			dependencies = (
			);
			name = "DZ№8";
			productName = "DZ№8";
			productReference = DEC48E47277A2F1400F781AC /* DZ№8.app */;
			productType = "com.apple.product-type.application";
		};
/* End PBXNativeTarget section */

/* Begin PBXProject section */
		DEC48E3F277A2F1400F781AC /* Project object */ = {
			isa = PBXProject;
			attributes = {
				BuildIndependentTargetsInParallel = 1;
				LastSwiftUpdateCheck = 1310;
				LastUpgradeCheck = 1310;
				TargetAttributes = {
					DEC48E46277A2F1400F781AC = {
						CreatedOnToolsVersion = 13.1;
					};
				};
			};
			buildConfigurationList = DEC48E42277A2F1400F781AC /* Build configuration list for PBXProject "DZ№8" */;
			compatibilityVersion = "Xcode 13.0";
			developmentRegion = en;
			hasScannedForEncodings = 0;
			knownRegions = (
				en,
				Base,
			);
			mainGroup = DEC48E3E277A2F1400F781AC;
			productRefGroup = DEC48E48277A2F1400F781AC /* Products */;
			projectDirPath = "";
			projectRoot = "";
			targets = (
				DEC48E46277A2F1400F781AC /* DZ№8 */,
			);
		};
/* End PBXProject section */

/* Begin PBXResourcesBuildPhase section */
		DEC48E45277A2F1400F781AC /* Resources */ = {
			isa = PBXResourcesBuildPhase;
			buildActionMask = 2147483647;
			files = (
				DEC48E52277A2F1500F781AC /* Preview Assets.xcassets in Resources */,
				DEC48E4F277A2F1500F781AC /* Assets.xcassets in Resources */,
			);
			runOnlyForDeploymentPostprocessing = 0;
		};
/* End PBXResourcesBuildPhase section */

/* Begin PBXSourcesBuildPhase section */
		DEC48E43277A2F1400F781AC /* Sources */ = {
			isa = PBXSourcesBuildPhase;
			buildActionMask = 2147483647;
			files = (
				DEC48E5D277A50F900F781AC /* ImageClassifierService.swift in Sources */,
				DEC48E60277A513C00F781AC /* ClassifierResultModel.swift in Sources */,
				DE8E9C24278328E600BE9A10 /* MyImageClassifier.mlmodel in Sources */,
				DE8E9C2227831DED00BE9A10 /* ImageClassifierViewModel.swift in Sources */,
				DEC48E5B277A32F500F781AC /* ImagePicker.swift in Sources */,
				DEC48E59277A2F3B00F781AC /* ImageClassifierScreen.swift in Sources */,
				DEC48E4B277A2F1400F781AC /* DZ_8App.swift in Sources */,
			);
			runOnlyForDeploymentPostprocessing = 0;
		};
/* End PBXSourcesBuildPhase section */

/* Begin XCBuildConfiguration section */
		DEC48E53277A2F1500F781AC /* Debug */ = {
			isa = XCBuildConfiguration;
			buildSettings = {
				ALWAYS_SEARCH_USER_PATHS = NO;
				CLANG_ANALYZER_NONNULL = YES;
				CLANG_ANALYZER_NUMBER_OBJECT_CONVERSION = YES_AGGRESSIVE;
				CLANG_CXX_LANGUAGE_STANDARD = "gnu++17";
				CLANG_CXX_LIBRARY = "libc++";
				CLANG_ENABLE_MODULES = YES;
				CLANG_ENABLE_OBJC_ARC = YES;
				CLANG_ENABLE_OBJC_WEAK = YES;
				CLANG_WARN_BLOCK_CAPTURE_AUTORELEASING = YES;
				CLANG_WARN_BOOL_CONVERSION = YES;
				CLANG_WARN_COMMA = YES;
				CLANG_WARN_CONSTANT_CONVERSION = YES;
				CLANG_WARN_DEPRECATED_OBJC_IMPLEMENTATIONS = YES;
				CLANG_WARN_DIRECT_OBJC_ISA_USAGE = YES_ERROR;
				CLANG_WARN_DOCUMENTATION_COMMENTS = YES;
				CLANG_WARN_EMPTY_BODY = YES;
				CLANG_WARN_ENUM_CONVERSION = YES;
				CLANG_WARN_INFINITE_RECURSION = YES;
				CLANG_WARN_INT_CONVERSION = YES;
				CLANG_WARN_NON_LITERAL_NULL_CONVERSION = YES;
				CLANG_WARN_OBJC_IMPLICIT_RETAIN_SELF = YES;
				CLANG_WARN_OBJC_LITERAL_CONVERSION = YES;
				CLANG_WARN_OBJC_ROOT_CLASS = YES_ERROR;
				CLANG_WARN_QUOTED_INCLUDE_IN_FRAMEWORK_HEADER = YES;
				CLANG_WARN_RANGE_LOOP_ANALYSIS = YES;
				CLANG_WARN_STRICT_PROTOTYPES = YES;
				CLANG_WARN_SUSPICIOUS_MOVE = YES;
				CLANG_WARN_UNGUARDED_AVAILABILITY = YES_AGGRESSIVE;
				CLANG_WARN_UNREACHABLE_CODE = YES;
				CLANG_WARN__DUPLICATE_METHOD_MATCH = YES;
				COPY_PHASE_STRIP = NO;
				DEBUG_INFORMATION_FORMAT = dwarf;
				ENABLE_STRICT_OBJC_MSGSEND = YES;
				ENABLE_TESTABILITY = YES;
				GCC_C_LANGUAGE_STANDARD = gnu11;
				GCC_DYNAMIC_NO_PIC = NO;
				GCC_NO_COMMON_BLOCKS = YES;
				GCC_OPTIMIZATION_LEVEL = 0;
				GCC_PREPROCESSOR_DEFINITIONS = (
					"DEBUG=1",
					"$(inherited)",
				);
				GCC_WARN_64_TO_32_BIT_CONVERSION = YES;
				GCC_WARN_ABOUT_RETURN_TYPE = YES_ERROR;
				GCC_WARN_UNDECLARED_SELECTOR = YES;
				GCC_WARN_UNINITIALIZED_AUTOS = YES_AGGRESSIVE;
				GCC_WARN_UNUSED_FUNCTION = YES;
				GCC_WARN_UNUSED_VARIABLE = YES;
				IPHONEOS_DEPLOYMENT_TARGET = 15.0;
				MTL_ENABLE_DEBUG_INFO = INCLUDE_SOURCE;
				MTL_FAST_MATH = YES;
				ONLY_ACTIVE_ARCH = YES;
				SDKROOT = iphoneos;
				SWIFT_ACTIVE_COMPILATION_CONDITIONS = DEBUG;
				SWIFT_OPTIMIZATION_LEVEL = "-Onone";
			};
			name = Debug;
		};
		DEC48E54277A2F1500F781AC /* Release */ = {
			isa = XCBuildConfiguration;
			buildSettings = {
				ALWAYS_SEARCH_USER_PATHS = NO;
				CLANG_ANALYZER_NONNULL = YES;
				CLANG_ANALYZER_NUMBER_OBJECT_CONVERSION = YES_AGGRESSIVE;
				CLANG_CXX_LANGUAGE_STANDARD = "gnu++17";
				CLANG_CXX_LIBRARY = "libc++";
				CLANG_ENABLE_MODULES = YES;
				CLANG_ENABLE_OBJC_ARC = YES;
				CLANG_ENABLE_OBJC_WEAK = YES;
				CLANG_WARN_BLOCK_CAPTURE_AUTORELEASING = YES;
				CLANG_WARN_BOOL_CONVERSION = YES;
				CLANG_WARN_COMMA = YES;
				CLANG_WARN_CONSTANT_CONVERSION = YES;
				CLANG_WARN_DEPRECATED_OBJC_IMPLEMENTATIONS = YES;
				CLANG_WARN_DIRECT_OBJC_ISA_USAGE = YES_ERROR;
				CLANG_WARN_DOCUMENTATION_COMMENTS = YES;
				CLANG_WARN_EMPTY_BODY = YES;
				CLANG_WARN_ENUM_CONVERSION = YES;
				CLANG_WARN_INFINITE_RECURSION = YES;
				CLANG_WARN_INT_CONVERSION = YES;
				CLANG_WARN_NON_LITERAL_NULL_CONVERSION = YES;
				CLANG_WARN_OBJC_IMPLICIT_RETAIN_SELF = YES;
				CLANG_WARN_OBJC_LITERAL_CONVERSION = YES;
				CLANG_WARN_OBJC_ROOT_CLASS = YES_ERROR;
				CLANG_WARN_QUOTED_INCLUDE_IN_FRAMEWORK_HEADER = YES;
				CLANG_WARN_RANGE_LOOP_ANALYSIS = YES;
				CLANG_WARN_STRICT_PROTOTYPES = YES;
				CLANG_WARN_SUSPICIOUS_MOVE = YES;
				CLANG_WARN_UNGUARDED_AVAILABILITY = YES_AGGRESSIVE;
				CLANG_WARN_UNREACHABLE_CODE = YES;
				CLANG_WARN__DUPLICATE_METHOD_MATCH = YES;
				COPY_PHASE_STRIP = NO;
				DEBUG_INFORMATION_FORMAT = "dwarf-with-dsym";
				ENABLE_NS_ASSERTIONS = NO;
				ENABLE_STRICT_OBJC_MSGSEND = YES;
				GCC_C_LANGUAGE_STANDARD = gnu11;
				GCC_NO_COMMON_BLOCKS = YES;
				GCC_WARN_64_TO_32_BIT_CONVERSION = YES;
				GCC_WARN_ABOUT_RETURN_TYPE = YES_ERROR;
				GCC_WARN_UNDECLARED_SELECTOR = YES;
				GCC_WARN_UNINITIALIZED_AUTOS = YES_AGGRESSIVE;
				GCC_WARN_UNUSED_FUNCTION = YES;
				GCC_WARN_UNUSED_VARIABLE = YES;
				IPHONEOS_DEPLOYMENT_TARGET = 15.0;
				MTL_ENABLE_DEBUG_INFO = NO;
				MTL_FAST_MATH = YES;
				SDKROOT = iphoneos;
				SWIFT_COMPILATION_MODE = wholemodule;
				SWIFT_OPTIMIZATION_LEVEL = "-O";
				VALIDATE_PRODUCT = YES;
			};
			name = Release;
		};
		DEC48E56277A2F1500F781AC /* Debug */ = {
			isa = XCBuildConfiguration;
			buildSettings = {
				ASSETCATALOG_COMPILER_APPICON_NAME = AppIcon;
				ASSETCATALOG_COMPILER_GLOBAL_ACCENT_COLOR_NAME = AccentColor;
				CODE_SIGN_STYLE = Automatic;
				CURRENT_PROJECT_VERSION = 1;
				DEVELOPMENT_ASSET_PATHS = "\"DZ№8/Preview Content\"";
				DEVELOPMENT_TEAM = 6UN4892VFR;
				ENABLE_PREVIEWS = YES;
				GENERATE_INFOPLIST_FILE = YES;
				INFOPLIST_KEY_UIApplicationSceneManifest_Generation = YES;
				INFOPLIST_KEY_UIApplicationSupportsIndirectInputEvents = YES;
				INFOPLIST_KEY_UILaunchScreen_Generation = YES;
				INFOPLIST_KEY_UISupportedInterfaceOrientations_iPad = "UIInterfaceOrientationPortrait UIInterfaceOrientationPortraitUpsideDown UIInterfaceOrientationLandscapeLeft UIInterfaceOrientationLandscapeRight";
				INFOPLIST_KEY_UISupportedInterfaceOrientations_iPhone = "UIInterfaceOrientationPortrait UIInterfaceOrientationLandscapeLeft UIInterfaceOrientationLandscapeRight";
				LD_RUNPATH_SEARCH_PATHS = (
					"$(inherited)",
					"@executable_path/Frameworks",
				);
				MARKETING_VERSION = 1.0;
				PRODUCT_BUNDLE_IDENTIFIER = "com.egm.dz8.DZ-8";
				PRODUCT_NAME = "$(TARGET_NAME)";
				SWIFT_EMIT_LOC_STRINGS = YES;
				SWIFT_VERSION = 5.0;
				TARGETED_DEVICE_FAMILY = "1,2";
			};
			name = Debug;
		};
		DEC48E57277A2F1500F781AC /* Release */ = {
			isa = XCBuildConfiguration;
			buildSettings = {
				ASSETCATALOG_COMPILER_APPICON_NAME = AppIcon;
				ASSETCATALOG_COMPILER_GLOBAL_ACCENT_COLOR_NAME = AccentColor;
				CODE_SIGN_STYLE = Automatic;
				CURRENT_PROJECT_VERSION = 1;
				DEVELOPMENT_ASSET_PATHS = "\"DZ№8/Preview Content\"";
				DEVELOPMENT_TEAM = 6UN4892VFR;
				ENABLE_PREVIEWS = YES;
				GENERATE_INFOPLIST_FILE = YES;
				INFOPLIST_KEY_UIApplicationSceneManifest_Generation = YES;
				INFOPLIST_KEY_UIApplicationSupportsIndirectInputEvents = YES;
				INFOPLIST_KEY_UILaunchScreen_Generation = YES;
				INFOPLIST_KEY_UISupportedInterfaceOrientations_iPad = "UIInterfaceOrientationPortrait UIInterfaceOrientationPortraitUpsideDown UIInterfaceOrientationLandscapeLeft UIInterfaceOrientationLandscapeRight";
				INFOPLIST_KEY_UISupportedInterfaceOrientations_iPhone = "UIInterfaceOrientationPortrait UIInterfaceOrientationLandscapeLeft UIInterfaceOrientationLandscapeRight";
				LD_RUNPATH_SEARCH_PATHS = (
					"$(inherited)",
					"@executable_path/Frameworks",
				);
				MARKETING_VERSION = 1.0;
				PRODUCT_BUNDLE_IDENTIFIER = "com.egm.dz8.DZ-8";
				PRODUCT_NAME = "$(TARGET_NAME)";
				SWIFT_EMIT_LOC_STRINGS = YES;
				SWIFT_VERSION = 5.0;
				TARGETED_DEVICE_FAMILY = "1,2";
			};
			name = Release;
		};
/* End XCBuildConfiguration section */

/* Begin XCConfigurationList section */
		DEC48E42277A2F1400F781AC /* Build configuration list for PBXProject "DZ№8" */ = {
			isa = XCConfigurationList;
			buildConfigurations = (
				DEC48E53277A2F1500F781AC /* Debug */,
				DEC48E54277A2F1500F781AC /* Release */,
			);
			defaultConfigurationIsVisible = 0;
			defaultConfigurationName = Release;
		};
		DEC48E55277A2F1500F781AC /* Build configuration list for PBXNativeTarget "DZ№8" */ = {
			isa = XCConfigurationList;
			buildConfigurations = (
				DEC48E56277A2F1500F781AC /* Debug */,
				DEC48E57277A2F1500F781AC /* Release */,
			);
			defaultConfigurationIsVisible = 0;
			defaultConfigurationName = Release;
		};
/* End XCConfigurationList section */
	};
	rootObject = DEC48E3F277A2F1400F781AC /* Project object */;
}
